
Microsoft Visual Studio Solution File, Format Version 12.00
# Visual Studio Version 16
VisualStudioVersion = 16.0.29519.87
MinimumVisualStudioVersion = 10.0.40219.1
Project("{FAE04EC0-301F-11D3-BF4B-00C04F79EFBC}") = "SwaggerDoc", "SwaggerDoc\SwaggerDoc.csproj", "{1BDB6D4D-C00B-4FCE-A1E4-54743350B5BA}"
EndProject
Global
	GlobalSection(SolutionConfigurationPlatforms) = preSolution
		Debug|Any CPU = Debug|Any CPU
		Release|Any CPU = Release|Any CPU
	EndGlobalSection
	GlobalSection(ProjectConfigurationPlatforms) = postSolution
		{1BDB6D4D-C00B-4FCE-A1E4-54743350B5BA}.Debug|Any CPU.ActiveCfg = Debug|Any CPU
		{1BDB6D4D-C00B-4FCE-A1E4-54743350B5BA}.Debug|Any CPU.Build.0 = Debug|Any CPU
		{1BDB6D4D-C00B-4FCE-A1E4-54743350B5BA}.Release|Any CPU.ActiveCfg = Release|Any CPU
		{1BDB6D4D-C00B-4FCE-A1E4-54743350B5BA}.Release|Any CPU.Build.0 = Release|Any CPU
	EndGlobalSection
	GlobalSection(SolutionProperties) = preSolution
		HideSolutionNode = FALSE
	EndGlobalSection
	GlobalSection(ExtensibilityGlobals) = postSolution
		SolutionGuid = {8FE47DA4-A630-48F8-855E-74F14EA9966A}
	EndGlobalSection
EndGlobal
